Microsoft Visual Studio Solution File, Format Version 12.00
# Visual Studio Version 17
VisualStudioVersion = 17.5.2.0
MinimumVisualStudioVersion = 10.0.40219.1
Project("{FAE04EC0-301F-11D3-BF4B-00C04F79EFBC}") = "Final_Project", "Final_Project.csproj", "{2643926D-6C50-4209-9B53-C4B1191792C5}"
EndProject
Global
	GlobalSection(SolutionConfigurationPlatforms) = preSolution
		Debug|Any CPU = Debug|Any CPU
		Release|Any CPU = Release|Any CPU
	EndGlobalSection
	GlobalSection(ProjectConfigurationPlatforms) = postSolution
		{2643926D-6C50-4209-9B53-C4B1191792C5}.Debug|Any CPU.ActiveCfg = Debug|Any CPU
		{2643926D-6C50-4209-9B53-C4B1191792C5}.Debug|Any CPU.Build.0 = Debug|Any CPU
		{2643926D-6C50-4209-9B53-C4B1191792C5}.Release|Any CPU.ActiveCfg = Release|Any CPU
		{2643926D-6C50-4209-9B53-C4B1191792C5}.Release|Any CPU.Build.0 = Release|Any CPU
	EndGlobalSection
	GlobalSection(SolutionProperties) = preSolution
		HideSolutionNode = FALSE
	EndGlobalSection
	GlobalSection(ExtensibilityGlobals) = postSolution
		SolutionGuid = {6B1582F1-ED63-4454-B2D3-027EAF8FDDCA}
	EndGlobalSection
EndGlobal
